// !$*UTF8*$!
{
	archiveVersion = 1;
	classes = {
	};
	objectVersion = 50;
	objects = {

/* Begin PBXBuildFile section */
		4568BC8C26B041B30073027E /* AppDelegate.swift in Sources */ = {isa = PBXBuildFile; fileRef = 4568BC8B26B041B30073027E /* AppDelegate.swift */; };
		4568BC9026B041B30073027E /* ViewController.swift in Sources */ = {isa = PBXBuildFile; fileRef = 4568BC8F26B041B30073027E /* ViewController.swift */; };
		4568BC9326B041B30073027E /* Main.storyboard in Resources */ = {isa = PBXBuildFile; fileRef = 4568BC9126B041B30073027E /* Main.storyboard */; };
		4568BC9526B041B40073027E /* Assets.xcassets in Resources */ = {isa = PBXBuildFile; fileRef = 4568BC9426B041B40073027E /* Assets.xcassets */; };
		4568BC9826B041B40073027E /* LaunchScreen.storyboard in Resources */ = {isa = PBXBuildFile; fileRef = 4568BC9626B041B40073027E /* LaunchScreen.storyboard */; };
		4568BCA326B041B40073027E /* Ionix_AppTests.swift in Sources */ = {isa = PBXBuildFile; fileRef = 4568BCA226B041B40073027E /* Ionix_AppTests.swift */; };
		4568BCAE26B041B40073027E /* Ionix_AppUITests.swift in Sources */ = {isa = PBXBuildFile; fileRef = 4568BCAD26B041B40073027E /* Ionix_AppUITests.swift */; };
		4568BCD026B04D3B0073027E /* OnboardingRouter.swift in Sources */ = {isa = PBXBuildFile; fileRef = 4568BCC926B04D3B0073027E /* OnboardingRouter.swift */; };
		4568BCD126B04D3B0073027E /* OnboardingPresenter.swift in Sources */ = {isa = PBXBuildFile; fileRef = 4568BCCA26B04D3B0073027E /* OnboardingPresenter.swift */; };
		4568BCD226B04D3B0073027E /* OnboardingWorker.swift in Sources */ = {isa = PBXBuildFile; fileRef = 4568BCCB26B04D3B0073027E /* OnboardingWorker.swift */; };
		4568BCD326B04D3B0073027E /* OnboardingInteractor.swift in Sources */ = {isa = PBXBuildFile; fileRef = 4568BCCC26B04D3B0073027E /* OnboardingInteractor.swift */; };
		4568BCD426B04D3B0073027E /* OnboardingModels.swift in Sources */ = {isa = PBXBuildFile; fileRef = 4568BCCD26B04D3B0073027E /* OnboardingModels.swift */; };
		4568BCD526B04D3B0073027E /* OnboardingViewController.xib in Resources */ = {isa = PBXBuildFile; fileRef = 4568BCCE26B04D3B0073027E /* OnboardingViewController.xib */; };
		4568BCD626B04D3B0073027E /* OnboardingViewController.swift in Sources */ = {isa = PBXBuildFile; fileRef = 4568BCCF26B04D3B0073027E /* OnboardingViewController.swift */; };
		4568BCD826B0500A0073027E /* GeneralRoute.swift in Sources */ = {isa = PBXBuildFile; fileRef = 4568BCD726B0500A0073027E /* GeneralRoute.swift */; };
		4568BCDA26B050320073027E /* AppRoute.swift in Sources */ = {isa = PBXBuildFile; fileRef = 4568BCD926B050320073027E /* AppRoute.swift */; };
		4568BCDC26B05A140073027E /* UINavigationController+CE.swift in Sources */ = {isa = PBXBuildFile; fileRef = 4568BCDB26B05A140073027E /* UINavigationController+CE.swift */; };
		4568BCEE26B05D320073027E /* AccessCameraViewController.swift in Sources */ = {isa = PBXBuildFile; fileRef = 4568BCEC26B05D320073027E /* AccessCameraViewController.swift */; };
		4568BCEF26B05D320073027E /* AccessCameraViewController.xib in Resources */ = {isa = PBXBuildFile; fileRef = 4568BCED26B05D320073027E /* AccessCameraViewController.xib */; };
		4568BCF126B062F20073027E /* UIButton+CE.swift in Sources */ = {isa = PBXBuildFile; fileRef = 4568BCF026B062F20073027E /* UIButton+CE.swift */; };
		4568BCF326B063CF0073027E /* IAButton.swift in Sources */ = {isa = PBXBuildFile; fileRef = 4568BCF226B063CF0073027E /* IAButton.swift */; };
		4568BCF626B06E940073027E /* EnablePushNotificationsViewController.swift in Sources */ = {isa = PBXBuildFile; fileRef = 4568BCF426B06E940073027E /* EnablePushNotificationsViewController.swift */; };
		4568BCF726B06E940073027E /* EnablePushNotificationsViewController.xib in Resources */ = {isa = PBXBuildFile; fileRef = 4568BCF526B06E940073027E /* EnablePushNotificationsViewController.xib */; };
		4568BCFC26B081690073027E /* EnableLocationServicesViewController.swift in Sources */ = {isa = PBXBuildFile; fileRef = 4568BCFA26B081690073027E /* EnableLocationServicesViewController.swift */; };
		4568BCFD26B081690073027E /* EnableLocationServicesViewController.xib in Resources */ = {isa = PBXBuildFile; fileRef = 4568BCFB26B081690073027E /* EnableLocationServicesViewController.xib */; };
/* End PBXBuildFile section */

/* Begin PBXContainerItemProxy section */
		4568BC9F26B041B40073027E /* PBXContainerItemProxy */ = {
			isa = PBXContainerItemProxy;
			containerPortal = 4568BC8026B041B30073027E /* Project object */;
			proxyType = 1;
			remoteGlobalIDString = 4568BC8726B041B30073027E;
			remoteInfo = "Ionix App";
		};
		4568BCAA26B041B40073027E /* PBXContainerItemProxy */ = {
			isa = PBXContainerItemProxy;
			containerPortal = 4568BC8026B041B30073027E /* Project object */;
			proxyType = 1;
			remoteGlobalIDString = 4568BC8726B041B30073027E;
			remoteInfo = "Ionix App";
		};
/* End PBXContainerItemProxy section */

/* Begin PBXFileReference section */
		4568BC8826B041B30073027E /* Ionix App.app */ = {isa = PBXFileReference; explicitFileType = wrapper.application; includeInIndex = 0; path = "Ionix App.app"; sourceTree = BUILT_PRODUCTS_DIR; };
		4568BC8B26B041B30073027E /* AppDelegate.swift */ = {isa = PBXFileReference; lastKnownFileType = sourcecode.swift; path = AppDelegate.swift; sourceTree = "<group>"; };
		4568BC8F26B041B30073027E /* ViewController.swift */ = {isa = PBXFileReference; lastKnownFileType = sourcecode.swift; path = ViewController.swift; sourceTree = "<group>"; };
		4568BC9226B041B30073027E /* Base */ = {isa = PBXFileReference; lastKnownFileType = file.storyboard; name = Base; path = Base.lproj/Main.storyboard; sourceTree = "<group>"; };
		4568BC9426B041B40073027E /* Assets.xcassets */ = {isa = PBXFileReference; lastKnownFileType = folder.assetcatalog; path = Assets.xcassets; sourceTree = "<group>"; };
		4568BC9726B041B40073027E /* Base */ = {isa = PBXFileReference; lastKnownFileType = file.storyboard; name = Base; path = Base.lproj/LaunchScreen.storyboard; sourceTree = "<group>"; };
		4568BC9926B041B40073027E /* Info.plist */ = {isa = PBXFileReference; lastKnownFileType = text.plist.xml; path = Info.plist; sourceTree = "<group>"; };
		4568BC9E26B041B40073027E /* Ionix AppTests.xctest */ = {isa = PBXFileReference; explicitFileType = wrapper.cfbundle; includeInIndex = 0; path = "Ionix AppTests.xctest"; sourceTree = BUILT_PRODUCTS_DIR; };
		4568BCA226B041B40073027E /* Ionix_AppTests.swift */ = {isa = PBXFileReference; lastKnownFileType = sourcecode.swift; path = Ionix_AppTests.swift; sourceTree = "<group>"; };
		4568BCA426B041B40073027E /* Info.plist */ = {isa = PBXFileReference; lastKnownFileType = text.plist.xml; path = Info.plist; sourceTree = "<group>"; };
		4568BCA926B041B40073027E /* Ionix AppUITests.xctest */ = {isa = PBXFileReference; explicitFileType = wrapper.cfbundle; includeInIndex = 0; path = "Ionix AppUITests.xctest"; sourceTree = BUILT_PRODUCTS_DIR; };
		4568BCAD26B041B40073027E /* Ionix_AppUITests.swift */ = {isa = PBXFileReference; lastKnownFileType = sourcecode.swift; path = Ionix_AppUITests.swift; sourceTree = "<group>"; };
		4568BCAF26B041B40073027E /* Info.plist */ = {isa = PBXFileReference; lastKnownFileType = text.plist.xml; path = Info.plist; sourceTree = "<group>"; };
		4568BCC926B04D3B0073027E /* OnboardingRouter.swift */ = {isa = PBXFileReference; fileEncoding = 4; lastKnownFileType = sourcecode.swift; path = OnboardingRouter.swift; sourceTree = "<group>"; };
		4568BCCA26B04D3B0073027E /* OnboardingPresenter.swift */ = {isa = PBXFileReference; fileEncoding = 4; lastKnownFileType = sourcecode.swift; path = OnboardingPresenter.swift; sourceTree = "<group>"; };
		4568BCCB26B04D3B0073027E /* OnboardingWorker.swift */ = {isa = PBXFileReference; fileEncoding = 4; lastKnownFileType = sourcecode.swift; path = OnboardingWorker.swift; sourceTree = "<group>"; };
		4568BCCC26B04D3B0073027E /* OnboardingInteractor.swift */ = {isa = PBXFileReference; fileEncoding = 4; lastKnownFileType = sourcecode.swift; path = OnboardingInteractor.swift; sourceTree = "<group>"; };
		4568BCCD26B04D3B0073027E /* OnboardingModels.swift */ = {isa = PBXFileReference; fileEncoding = 4; lastKnownFileType = sourcecode.swift; path = OnboardingModels.swift; sourceTree = "<group>"; };
		4568BCCE26B04D3B0073027E /* OnboardingViewController.xib */ = {isa = PBXFileReference; fileEncoding = 4; lastKnownFileType = file.xib; path = OnboardingViewController.xib; sourceTree = "<group>"; };
		4568BCCF26B04D3B0073027E /* OnboardingViewController.swift */ = {isa = PBXFileReference; fileEncoding = 4; lastKnownFileType = sourcecode.swift; path = OnboardingViewController.swift; sourceTree = "<group>"; };
		4568BCD726B0500A0073027E /* GeneralRoute.swift */ = {isa = PBXFileReference; fileEncoding = 4; lastKnownFileType = sourcecode.swift; path = GeneralRoute.swift; sourceTree = "<group>"; };
		4568BCD926B050320073027E /* AppRoute.swift */ = {isa = PBXFileReference; fileEncoding = 4; lastKnownFileType = sourcecode.swift; path = AppRoute.swift; sourceTree = "<group>"; };
		4568BCDB26B05A140073027E /* UINavigationController+CE.swift */ = {isa = PBXFileReference; fileEncoding = 4; lastKnownFileType = sourcecode.swift; path = "UINavigationController+CE.swift"; sourceTree = "<group>"; };
		4568BCEC26B05D320073027E /* AccessCameraViewController.swift */ = {isa = PBXFileReference; lastKnownFileType = sourcecode.swift; path = AccessCameraViewController.swift; sourceTree = "<group>"; };
		4568BCED26B05D320073027E /* AccessCameraViewController.xib */ = {isa = PBXFileReference; lastKnownFileType = file.xib; path = AccessCameraViewController.xib; sourceTree = "<group>"; };
		4568BCF026B062F20073027E /* UIButton+CE.swift */ = {isa = PBXFileReference; fileEncoding = 4; lastKnownFileType = sourcecode.swift; path = "UIButton+CE.swift"; sourceTree = "<group>"; };
		4568BCF226B063CF0073027E /* IAButton.swift */ = {isa = PBXFileReference; fileEncoding = 4; lastKnownFileType = sourcecode.swift; path = IAButton.swift; sourceTree = "<group>"; };
		4568BCF426B06E940073027E /* EnablePushNotificationsViewController.swift */ = {isa = PBXFileReference; lastKnownFileType = sourcecode.swift; path = EnablePushNotificationsViewController.swift; sourceTree = "<group>"; };
		4568BCF526B06E940073027E /* EnablePushNotificationsViewController.xib */ = {isa = PBXFileReference; lastKnownFileType = file.xib; path = EnablePushNotificationsViewController.xib; sourceTree = "<group>"; };
		4568BCFA26B081690073027E /* EnableLocationServicesViewController.swift */ = {isa = PBXFileReference; lastKnownFileType = sourcecode.swift; path = EnableLocationServicesViewController.swift; sourceTree = "<group>"; };
		4568BCFB26B081690073027E /* EnableLocationServicesViewController.xib */ = {isa = PBXFileReference; lastKnownFileType = file.xib; path = EnableLocationServicesViewController.xib; sourceTree = "<group>"; };
/* End PBXFileReference section */

/* Begin PBXFrameworksBuildPhase section */
		4568BC8526B041B30073027E /* Frameworks */ = {
			isa = PBXFrameworksBuildPhase;
			buildActionMask = 2147483647;
			files = (
			);
			runOnlyForDeploymentPostprocessing = 0;
		};
		4568BC9B26B041B40073027E /* Frameworks */ = {
			isa = PBXFrameworksBuildPhase;
			buildActionMask = 2147483647;
			files = (
			);
			runOnlyForDeploymentPostprocessing = 0;
		};
		4568BCA626B041B40073027E /* Frameworks */ = {
			isa = PBXFrameworksBuildPhase;
			buildActionMask = 2147483647;
			files = (
			);
			runOnlyForDeploymentPostprocessing = 0;
		};
/* End PBXFrameworksBuildPhase section */

/* Begin PBXGroup section */
		4568BC7F26B041B30073027E = {
			isa = PBXGroup;
			children = (
				4568BC8A26B041B30073027E /* Ionix App */,
				4568BCA126B041B40073027E /* Ionix AppTests */,
				4568BCAC26B041B40073027E /* Ionix AppUITests */,
				4568BC8926B041B30073027E /* Products */,
			);
			sourceTree = "<group>";
		};
		4568BC8926B041B30073027E /* Products */ = {
			isa = PBXGroup;
			children = (
				4568BC8826B041B30073027E /* Ionix App.app */,
				4568BC9E26B041B40073027E /* Ionix AppTests.xctest */,
				4568BCA926B041B40073027E /* Ionix AppUITests.xctest */,
			);
			name = Products;
			sourceTree = "<group>";
		};
		4568BC8A26B041B30073027E /* Ionix App */ = {
			isa = PBXGroup;
			children = (
				4568BCBF26B04BE80073027E /* Foundation */,
				4568BCBE26B04BE20073027E /* Main */,
				4568BCBD26B04BBD0073027E /* Resources */,
				4568BCBC26B04BB00073027E /* Common */,
				4568BCBB26B04BA30073027E /* Scenes */,
				4568BC9926B041B40073027E /* Info.plist */,
			);
			path = "Ionix App";
			sourceTree = "<group>";
		};
		4568BCA126B041B40073027E /* Ionix AppTests */ = {
			isa = PBXGroup;
			children = (
				4568BCA226B041B40073027E /* Ionix_AppTests.swift */,
				4568BCA426B041B40073027E /* Info.plist */,
			);
			path = "Ionix AppTests";
			sourceTree = "<group>";
		};
		4568BCAC26B041B40073027E /* Ionix AppUITests */ = {
			isa = PBXGroup;
			children = (
				4568BCAD26B041B40073027E /* Ionix_AppUITests.swift */,
				4568BCAF26B041B40073027E /* Info.plist */,
			);
			path = "Ionix AppUITests";
			sourceTree = "<group>";
		};
		4568BCBB26B04BA30073027E /* Scenes */ = {
			isa = PBXGroup;
			children = (
				4568BCC826B04D3B0073027E /* Onboarding */,
			);
			path = Scenes;
			sourceTree = "<group>";
		};
		4568BCBC26B04BB00073027E /* Common */ = {
			isa = PBXGroup;
			children = (
				4568BCC726B04CC20073027E /* Router */,
				4568BCC626B04CBB0073027E /* Models */,
				4568BCC526B04CB40073027E /* Services */,
				4568BCC426B04CAD0073027E /* Workers */,
			);
			path = Common;
			sourceTree = "<group>";
		};
		4568BCBD26B04BBD0073027E /* Resources */ = {
			isa = PBXGroup;
			children = (
				4568BC9426B041B40073027E /* Assets.xcassets */,
				4568BC9126B041B30073027E /* Main.storyboard */,
				4568BC9626B041B40073027E /* LaunchScreen.storyboard */,
			);
			path = Resources;
			sourceTree = "<group>";
		};
		4568BCBE26B04BE20073027E /* Main */ = {
			isa = PBXGroup;
			children = (
				4568BC8B26B041B30073027E /* AppDelegate.swift */,
				4568BC8F26B041B30073027E /* ViewController.swift */,
			);
			path = Main;
			sourceTree = "<group>";
		};
		4568BCBF26B04BE80073027E /* Foundation */ = {
			isa = PBXGroup;
			children = (
				4568BCC326B04C290073027E /* Util */,
				4568BCC226B04C1F0073027E /* Settings */,
				4568BCC126B04C070073027E /* Extensions */,
				4568BCC026B04BFC0073027E /* UI */,
			);
			path = Foundation;
			sourceTree = "<group>";
		};
		4568BCC026B04BFC0073027E /* UI */ = {
			isa = PBXGroup;
			children = (
				4568BCF226B063CF0073027E /* IAButton.swift */,
			);
			path = UI;
			sourceTree = "<group>";
		};
		4568BCC126B04C070073027E /* Extensions */ = {
			isa = PBXGroup;
			children = (
				4568BCDB26B05A140073027E /* UINavigationController+CE.swift */,
				4568BCF026B062F20073027E /* UIButton+CE.swift */,
			);
			path = Extensions;
			sourceTree = "<group>";
		};
		4568BCC226B04C1F0073027E /* Settings */ = {
			isa = PBXGroup;
			children = (
			);
			path = Settings;
			sourceTree = "<group>";
		};
		4568BCC326B04C290073027E /* Util */ = {
			isa = PBXGroup;
			children = (
			);
			path = Util;
			sourceTree = "<group>";
		};
		4568BCC426B04CAD0073027E /* Workers */ = {
			isa = PBXGroup;
			children = (
			);
			path = Workers;
			sourceTree = "<group>";
		};
		4568BCC526B04CB40073027E /* Services */ = {
			isa = PBXGroup;
			children = (
			);
			path = Services;
			sourceTree = "<group>";
		};
		4568BCC626B04CBB0073027E /* Models */ = {
			isa = PBXGroup;
			children = (
			);
			path = Models;
			sourceTree = "<group>";
		};
		4568BCC726B04CC20073027E /* Router */ = {
			isa = PBXGroup;
			children = (
				4568BCD926B050320073027E /* AppRoute.swift */,
				4568BCD726B0500A0073027E /* GeneralRoute.swift */,
			);
			path = Router;
			sourceTree = "<group>";
		};
		4568BCC826B04D3B0073027E /* Onboarding */ = {
			isa = PBXGroup;
			children = (
				4568BCDF26B05C1C0073027E /* Enable Location Services */,
				4568BCDE26B05C0E0073027E /* Enable Push Notifications */,
				4568BCDD26B05BF30073027E /* Access Camera */,
				4568BCC926B04D3B0073027E /* OnboardingRouter.swift */,
				4568BCCA26B04D3B0073027E /* OnboardingPresenter.swift */,
				4568BCCB26B04D3B0073027E /* OnboardingWorker.swift */,
				4568BCCC26B04D3B0073027E /* OnboardingInteractor.swift */,
				4568BCCD26B04D3B0073027E /* OnboardingModels.swift */,
				4568BCCF26B04D3B0073027E /* OnboardingViewController.swift */,
				4568BCCE26B04D3B0073027E /* OnboardingViewController.xib */,
			);
			path = Onboarding;
			sourceTree = "<group>";
		};
		4568BCDD26B05BF30073027E /* Access Camera */ = {
			isa = PBXGroup;
			children = (
				4568BCEC26B05D320073027E /* AccessCameraViewController.swift */,
				4568BCED26B05D320073027E /* AccessCameraViewController.xib */,
			);
			path = "Access Camera";
			sourceTree = "<group>";
		};
		4568BCDE26B05C0E0073027E /* Enable Push Notifications */ = {
			isa = PBXGroup;
			children = (
				4568BCF426B06E940073027E /* EnablePushNotificationsViewController.swift */,
				4568BCF526B06E940073027E /* EnablePushNotificationsViewController.xib */,
			);
			path = "Enable Push Notifications";
			sourceTree = "<group>";
		};
		4568BCDF26B05C1C0073027E /* Enable Location Services */ = {
			isa = PBXGroup;
			children = (
				4568BCFA26B081690073027E /* EnableLocationServicesViewController.swift */,
				4568BCFB26B081690073027E /* EnableLocationServicesViewController.xib */,
			);
			path = "Enable Location Services";
			sourceTree = "<group>";
		};
/* End PBXGroup section */

/* Begin PBXNativeTarget section */
		4568BC8726B041B30073027E /* Ionix App */ = {
			isa = PBXNativeTarget;
			buildConfigurationList = 4568BCB226B041B40073027E /* Build configuration list for PBXNativeTarget "Ionix App" */;
			buildPhases = (
				4568BC8426B041B30073027E /* Sources */,
				4568BC8526B041B30073027E /* Frameworks */,
				4568BC8626B041B30073027E /* Resources */,
			);
			buildRules = (
			);
			dependencies = (
			);
			name = "Ionix App";
			productName = "Ionix App";
			productReference = 4568BC8826B041B30073027E /* Ionix App.app */;
			productType = "com.apple.product-type.application";
		};
		4568BC9D26B041B40073027E /* Ionix AppTests */ = {
			isa = PBXNativeTarget;
			buildConfigurationList = 4568BCB526B041B40073027E /* Build configuration list for PBXNativeTarget "Ionix AppTests" */;
			buildPhases = (
				4568BC9A26B041B40073027E /* Sources */,
				4568BC9B26B041B40073027E /* Frameworks */,
				4568BC9C26B041B40073027E /* Resources */,
			);
			buildRules = (
			);
			dependencies = (
				4568BCA026B041B40073027E /* PBXTargetDependency */,
			);
			name = "Ionix AppTests";
			productName = "Ionix AppTests";
			productReference = 4568BC9E26B041B40073027E /* Ionix AppTests.xctest */;
			productType = "com.apple.product-type.bundle.unit-test";
		};
		4568BCA826B041B40073027E /* Ionix AppUITests */ = {
			isa = PBXNativeTarget;
			buildConfigurationList = 4568BCB826B041B40073027E /* Build configuration list for PBXNativeTarget "Ionix AppUITests" */;
			buildPhases = (
				4568BCA526B041B40073027E /* Sources */,
				4568BCA626B041B40073027E /* Frameworks */,
				4568BCA726B041B40073027E /* Resources */,
			);
			buildRules = (
			);
			dependencies = (
				4568BCAB26B041B40073027E /* PBXTargetDependency */,
			);
			name = "Ionix AppUITests";
			productName = "Ionix AppUITests";
			productReference = 4568BCA926B041B40073027E /* Ionix AppUITests.xctest */;
			productType = "com.apple.product-type.bundle.ui-testing";
		};
/* End PBXNativeTarget section */

/* Begin PBXProject section */
		4568BC8026B041B30073027E /* Project object */ = {
			isa = PBXProject;
			attributes = {
				LastSwiftUpdateCheck = 1250;
				LastUpgradeCheck = 1250;
				TargetAttributes = {
					4568BC8726B041B30073027E = {
						CreatedOnToolsVersion = 12.5;
					};
					4568BC9D26B041B40073027E = {
						CreatedOnToolsVersion = 12.5;
						TestTargetID = 4568BC8726B041B30073027E;
					};
					4568BCA826B041B40073027E = {
						CreatedOnToolsVersion = 12.5;
						TestTargetID = 4568BC8726B041B30073027E;
					};
				};
			};
			buildConfigurationList = 4568BC8326B041B30073027E /* Build configuration list for PBXProject "Ionix App" */;
			compatibilityVersion = "Xcode 9.3";
			developmentRegion = en;
			hasScannedForEncodings = 0;
			knownRegions = (
				en,
				Base,
			);
			mainGroup = 4568BC7F26B041B30073027E;
			productRefGroup = 4568BC8926B041B30073027E /* Products */;
			projectDirPath = "";
			projectRoot = "";
			targets = (
				4568BC8726B041B30073027E /* Ionix App */,
				4568BC9D26B041B40073027E /* Ionix AppTests */,
				4568BCA826B041B40073027E /* Ionix AppUITests */,
			);
		};
/* End PBXProject section */

/* Begin PBXResourcesBuildPhase section */
		4568BC8626B041B30073027E /* Resources */ = {
			isa = PBXResourcesBuildPhase;
			buildActionMask = 2147483647;
			files = (
				4568BCF726B06E940073027E /* EnablePushNotificationsViewController.xib in Resources */,
				4568BC9826B041B40073027E /* LaunchScreen.storyboard in Resources */,
				4568BCEF26B05D320073027E /* AccessCameraViewController.xib in Resources */,
				4568BCFD26B081690073027E /* EnableLocationServicesViewController.xib in Resources */,
				4568BC9526B041B40073027E /* Assets.xcassets in Resources */,
				4568BC9326B041B30073027E /* Main.storyboard in Resources */,
				4568BCD526B04D3B0073027E /* OnboardingViewController.xib in Resources */,
			);
			runOnlyForDeploymentPostprocessing = 0;
		};
		4568BC9C26B041B40073027E /* Resources */ = {
			isa = PBXResourcesBuildPhase;
			buildActionMask = 2147483647;
			files = (
			);
			runOnlyForDeploymentPostprocessing = 0;
		};
		4568BCA726B041B40073027E /* Resources */ = {
			isa = PBXResourcesBuildPhase;
			buildActionMask = 2147483647;
			files = (
			);
			runOnlyForDeploymentPostprocessing = 0;
		};
/* End PBXResourcesBuildPhase section */

/* Begin PBXSourcesBuildPhase section */
		4568BC8426B041B30073027E /* Sources */ = {
			isa = PBXSourcesBuildPhase;
			buildActionMask = 2147483647;
			files = (
				4568BCD426B04D3B0073027E /* OnboardingModels.swift in Sources */,
				4568BC9026B041B30073027E /* ViewController.swift in Sources */,
				4568BCD026B04D3B0073027E /* OnboardingRouter.swift in Sources */,
				4568BCD826B0500A0073027E /* GeneralRoute.swift in Sources */,
				4568BCD626B04D3B0073027E /* OnboardingViewController.swift in Sources */,
				4568BC8C26B041B30073027E /* AppDelegate.swift in Sources */,
				4568BCD126B04D3B0073027E /* OnboardingPresenter.swift in Sources */,
				4568BCEE26B05D320073027E /* AccessCameraViewController.swift in Sources */,
				4568BCFC26B081690073027E /* EnableLocationServicesViewController.swift in Sources */,
				4568BCD226B04D3B0073027E /* OnboardingWorker.swift in Sources */,
				4568BCD326B04D3B0073027E /* OnboardingInteractor.swift in Sources */,
				4568BCDA26B050320073027E /* AppRoute.swift in Sources */,
				4568BCF326B063CF0073027E /* IAButton.swift in Sources */,
				4568BCF626B06E940073027E /* EnablePushNotificationsViewController.swift in Sources */,
				4568BCF126B062F20073027E /* UIButton+CE.swift in Sources */,
				4568BCDC26B05A140073027E /* UINavigationController+CE.swift in Sources */,
			);
			runOnlyForDeploymentPostprocessing = 0;
		};
		4568BC9A26B041B40073027E /* Sources */ = {
			isa = PBXSourcesBuildPhase;
			buildActionMask = 2147483647;
			files = (
				4568BCA326B041B40073027E /* Ionix_AppTests.swift in Sources */,
			);
			runOnlyForDeploymentPostprocessing = 0;
		};
		4568BCA526B041B40073027E /* Sources */ = {
			isa = PBXSourcesBuildPhase;
			buildActionMask = 2147483647;
			files = (
				4568BCAE26B041B40073027E /* Ionix_AppUITests.swift in Sources */,
			);
			runOnlyForDeploymentPostprocessing = 0;
		};
/* End PBXSourcesBuildPhase section */

/* Begin PBXTargetDependency section */
		4568BCA026B041B40073027E /* PBXTargetDependency */ = {
			isa = PBXTargetDependency;
			target = 4568BC8726B041B30073027E /* Ionix App */;
			targetProxy = 4568BC9F26B041B40073027E /* PBXContainerItemProxy */;
		};
		4568BCAB26B041B40073027E /* PBXTargetDependency */ = {
			isa = PBXTargetDependency;
			target = 4568BC8726B041B30073027E /* Ionix App */;
			targetProxy = 4568BCAA26B041B40073027E /* PBXContainerItemProxy */;
		};
/* End PBXTargetDependency section */

/* Begin PBXVariantGroup section */
		4568BC9126B041B30073027E /* Main.storyboard */ = {
			isa = PBXVariantGroup;
			children = (
				4568BC9226B041B30073027E /* Base */,
			);
			name = Main.storyboard;
			sourceTree = "<group>";
		};
		4568BC9626B041B40073027E /* LaunchScreen.storyboard */ = {
			isa = PBXVariantGroup;
			children = (
				4568BC9726B041B40073027E /* Base */,
			);
			name = LaunchScreen.storyboard;
			sourceTree = "<group>";
		};
/* End PBXVariantGroup section */

/* Begin XCBuildConfiguration section */
		4568BCB026B041B40073027E /* Debug */ = {
			isa = XCBuildConfiguration;
			buildSettings = {
				ALWAYS_SEARCH_USER_PATHS = NO;
				CLANG_ANALYZER_NONNULL = YES;
				CLANG_ANALYZER_NUMBER_OBJECT_CONVERSION = YES_AGGRESSIVE;
				CLANG_CXX_LANGUAGE_STANDARD = "gnu++14";
				CLANG_CXX_LIBRARY = "libc++";
				CLANG_ENABLE_MODULES = YES;
				CLANG_ENABLE_OBJC_ARC = YES;
				CLANG_ENABLE_OBJC_WEAK = YES;
				CLANG_WARN_BLOCK_CAPTURE_AUTORELEASING = YES;
				CLANG_WARN_BOOL_CONVERSION = YES;
				CLANG_WARN_COMMA = YES;
				CLANG_WARN_CONSTANT_CONVERSION = YES;
				CLANG_WARN_DEPRECATED_OBJC_IMPLEMENTATIONS = YES;
				CLANG_WARN_DIRECT_OBJC_ISA_USAGE = YES_ERROR;
				CLANG_WARN_DOCUMENTATION_COMMENTS = YES;
				CLANG_WARN_EMPTY_BODY = YES;
				CLANG_WARN_ENUM_CONVERSION = YES;
				CLANG_WARN_INFINITE_RECURSION = YES;
				CLANG_WARN_INT_CONVERSION = YES;
				CLANG_WARN_NON_LITERAL_NULL_CONVERSION = YES;
				CLANG_WARN_OBJC_IMPLICIT_RETAIN_SELF = YES;
				CLANG_WARN_OBJC_LITERAL_CONVERSION = YES;
				CLANG_WARN_OBJC_ROOT_CLASS = YES_ERROR;
				CLANG_WARN_QUOTED_INCLUDE_IN_FRAMEWORK_HEADER = YES;
				CLANG_WARN_RANGE_LOOP_ANALYSIS = YES;
				CLANG_WARN_STRICT_PROTOTYPES = YES;
				CLANG_WARN_SUSPICIOUS_MOVE = YES;
				CLANG_WARN_UNGUARDED_AVAILABILITY = YES_AGGRESSIVE;
				CLANG_WARN_UNREACHABLE_CODE = YES;
				CLANG_WARN__DUPLICATE_METHOD_MATCH = YES;
				COPY_PHASE_STRIP = NO;
				DEBUG_INFORMATION_FORMAT = dwarf;
				ENABLE_STRICT_OBJC_MSGSEND = YES;
				ENABLE_TESTABILITY = YES;
				GCC_C_LANGUAGE_STANDARD = gnu11;
				GCC_DYNAMIC_NO_PIC = NO;
				GCC_NO_COMMON_BLOCKS = YES;
				GCC_OPTIMIZATION_LEVEL = 0;
				GCC_PREPROCESSOR_DEFINITIONS = (
					"DEBUG=1",
					"$(inherited)",
				);
				GCC_WARN_64_TO_32_BIT_CONVERSION = YES;
				GCC_WARN_ABOUT_RETURN_TYPE = YES_ERROR;
				GCC_WARN_UNDECLARED_SELECTOR = YES;
				GCC_WARN_UNINITIALIZED_AUTOS = YES_AGGRESSIVE;
				GCC_WARN_UNUSED_FUNCTION = YES;
				GCC_WARN_UNUSED_VARIABLE = YES;
				IPHONEOS_DEPLOYMENT_TARGET = 14.5;
				MTL_ENABLE_DEBUG_INFO = INCLUDE_SOURCE;
				MTL_FAST_MATH = YES;
				ONLY_ACTIVE_ARCH = YES;
				SDKROOT = iphoneos;
				SWIFT_ACTIVE_COMPILATION_CONDITIONS = DEBUG;
				SWIFT_OPTIMIZATION_LEVEL = "-Onone";
			};
			name = Debug;
		};
		4568BCB126B041B40073027E /* Release */ = {
			isa = XCBuildConfiguration;
			buildSettings = {
				ALWAYS_SEARCH_USER_PATHS = NO;
				CLANG_ANALYZER_NONNULL = YES;
				CLANG_ANALYZER_NUMBER_OBJECT_CONVERSION = YES_AGGRESSIVE;
				CLANG_CXX_LANGUAGE_STANDARD = "gnu++14";
				CLANG_CXX_LIBRARY = "libc++";
				CLANG_ENABLE_MODULES = YES;
				CLANG_ENABLE_OBJC_ARC = YES;
				CLANG_ENABLE_OBJC_WEAK = YES;
				CLANG_WARN_BLOCK_CAPTURE_AUTORELEASING = YES;
				CLANG_WARN_BOOL_CONVERSION = YES;
				CLANG_WARN_COMMA = YES;
				CLANG_WARN_CONSTANT_CONVERSION = YES;
				CLANG_WARN_DEPRECATED_OBJC_IMPLEMENTATIONS = YES;
				CLANG_WARN_DIRECT_OBJC_ISA_USAGE = YES_ERROR;
				CLANG_WARN_DOCUMENTATION_COMMENTS = YES;
				CLANG_WARN_EMPTY_BODY = YES;
				CLANG_WARN_ENUM_CONVERSION = YES;
				CLANG_WARN_INFINITE_RECURSION = YES;
				CLANG_WARN_INT_CONVERSION = YES;
				CLANG_WARN_NON_LITERAL_NULL_CONVERSION = YES;
				CLANG_WARN_OBJC_IMPLICIT_RETAIN_SELF = YES;
				CLANG_WARN_OBJC_LITERAL_CONVERSION = YES;
				CLANG_WARN_OBJC_ROOT_CLASS = YES_ERROR;
				CLANG_WARN_QUOTED_INCLUDE_IN_FRAMEWORK_HEADER = YES;
				CLANG_WARN_RANGE_LOOP_ANALYSIS = YES;
				CLANG_WARN_STRICT_PROTOTYPES = YES;
				CLANG_WARN_SUSPICIOUS_MOVE = YES;
				CLANG_WARN_UNGUARDED_AVAILABILITY = YES_AGGRESSIVE;
				CLANG_WARN_UNREACHABLE_CODE = YES;
				CLANG_WARN__DUPLICATE_METHOD_MATCH = YES;
				COPY_PHASE_STRIP = NO;
				DEBUG_INFORMATION_FORMAT = "dwarf-with-dsym";
				ENABLE_NS_ASSERTIONS = NO;
				ENABLE_STRICT_OBJC_MSGSEND = YES;
				GCC_C_LANGUAGE_STANDARD = gnu11;
				GCC_NO_COMMON_BLOCKS = YES;
				GCC_WARN_64_TO_32_BIT_CONVERSION = YES;
				GCC_WARN_ABOUT_RETURN_TYPE = YES_ERROR;
				GCC_WARN_UNDECLARED_SELECTOR = YES;
				GCC_WARN_UNINITIALIZED_AUTOS = YES_AGGRESSIVE;
				GCC_WARN_UNUSED_FUNCTION = YES;
				GCC_WARN_UNUSED_VARIABLE = YES;
				IPHONEOS_DEPLOYMENT_TARGET = 14.5;
				MTL_ENABLE_DEBUG_INFO = NO;
				MTL_FAST_MATH = YES;
				SDKROOT = iphoneos;
				SWIFT_COMPILATION_MODE = wholemodule;
				SWIFT_OPTIMIZATION_LEVEL = "-O";
				VALIDATE_PRODUCT = YES;
			};
			name = Release;
		};
		4568BCB326B041B40073027E /* Debug */ = {
			isa = XCBuildConfiguration;
			buildSettings = {
				ASSETCATALOG_COMPILER_APPICON_NAME = AppIcon;
				ASSETCATALOG_COMPILER_GLOBAL_ACCENT_COLOR_NAME = AccentColor;
				CODE_SIGN_STYLE = Automatic;
				DEVELOPMENT_TEAM = RP42U42DBN;
				INFOPLIST_FILE = "Ionix App/Info.plist";
				IPHONEOS_DEPLOYMENT_TARGET = 12.1;
				LD_RUNPATH_SEARCH_PATHS = (
					"$(inherited)",
					"@executable_path/Frameworks",
				);
				PRODUCT_BUNDLE_IDENTIFIER = "com.Ionix-App";
				PRODUCT_NAME = "$(TARGET_NAME)";
				SWIFT_VERSION = 5.0;
				TARGETED_DEVICE_FAMILY = "1,2";
			};
			name = Debug;
		};
		4568BCB426B041B40073027E /* Release */ = {
			isa = XCBuildConfiguration;
			buildSettings = {
				ASSETCATALOG_COMPILER_APPICON_NAME = AppIcon;
				ASSETCATALOG_COMPILER_GLOBAL_ACCENT_COLOR_NAME = AccentColor;
				CODE_SIGN_STYLE = Automatic;
				DEVELOPMENT_TEAM = RP42U42DBN;
				INFOPLIST_FILE = "Ionix App/Info.plist";
				IPHONEOS_DEPLOYMENT_TARGET = 12.1;
				LD_RUNPATH_SEARCH_PATHS = (
					"$(inherited)",
					"@executable_path/Frameworks",
				);
				PRODUCT_BUNDLE_IDENTIFIER = "com.Ionix-App";
				PRODUCT_NAME = "$(TARGET_NAME)";
				SWIFT_VERSION = 5.0;
				TARGETED_DEVICE_FAMILY = "1,2";
			};
			name = Release;
		};
		4568BCB626B041B40073027E /* Debug */ = {
			isa = XCBuildConfiguration;
			buildSettings = {
				ALWAYS_EMBED_SWIFT_STANDARD_LIBRARIES = YES;
				BUNDLE_LOADER = "$(TEST_HOST)";
				CODE_SIGN_STYLE = Automatic;
				DEVELOPMENT_TEAM = RP42U42DBN;
				INFOPLIST_FILE = "Ionix AppTests/Info.plist";
				IPHONEOS_DEPLOYMENT_TARGET = 14.5;
				LD_RUNPATH_SEARCH_PATHS = (
					"$(inherited)",
					"@executable_path/Frameworks",
					"@loader_path/Frameworks",
				);
				PRODUCT_BUNDLE_IDENTIFIER = "com.Ionix-AppTests";
				PRODUCT_NAME = "$(TARGET_NAME)";
				SWIFT_VERSION = 5.0;
				TARGETED_DEVICE_FAMILY = "1,2";
				TEST_HOST = "$(BUILT_PRODUCTS_DIR)/Ionix App.app/Ionix App";
			};
			name = Debug;
		};
		4568BCB726B041B40073027E /* Release */ = {
			isa = XCBuildConfiguration;
			buildSettings = {
				ALWAYS_EMBED_SWIFT_STANDARD_LIBRARIES = YES;
				BUNDLE_LOADER = "$(TEST_HOST)";
				CODE_SIGN_STYLE = Automatic;
				DEVELOPMENT_TEAM = RP42U42DBN;
				INFOPLIST_FILE = "Ionix AppTests/Info.plist";
				IPHONEOS_DEPLOYMENT_TARGET = 14.5;
				LD_RUNPATH_SEARCH_PATHS = (
					"$(inherited)",
					"@executable_path/Frameworks",
					"@loader_path/Frameworks",
				);
				PRODUCT_BUNDLE_IDENTIFIER = "com.Ionix-AppTests";
				PRODUCT_NAME = "$(TARGET_NAME)";
				SWIFT_VERSION = 5.0;
				TARGETED_DEVICE_FAMILY = "1,2";
				TEST_HOST = "$(BUILT_PRODUCTS_DIR)/Ionix App.app/Ionix App";
			};
			name = Release;
		};
		4568BCB926B041B40073027E /* Debug */ = {
			isa = XCBuildConfiguration;
			buildSettings = {
				ALWAYS_EMBED_SWIFT_STANDARD_LIBRARIES = YES;
				CODE_SIGN_STYLE = Automatic;
				DEVELOPMENT_TEAM = RP42U42DBN;
				INFOPLIST_FILE = "Ionix AppUITests/Info.plist";
				LD_RUNPATH_SEARCH_PATHS = (
					"$(inherited)",
					"@executable_path/Frameworks",
					"@loader_path/Frameworks",
				);
				PRODUCT_BUNDLE_IDENTIFIER = "com.Ionix-AppUITests";
				PRODUCT_NAME = "$(TARGET_NAME)";
				SWIFT_VERSION = 5.0;
				TARGETED_DEVICE_FAMILY = "1,2";
				TEST_TARGET_NAME = "Ionix App";
			};
			name = Debug;
		};
		4568BCBA26B041B40073027E /* Release */ = {
			isa = XCBuildConfiguration;
			buildSettings = {
				ALWAYS_EMBED_SWIFT_STANDARD_LIBRARIES = YES;
				CODE_SIGN_STYLE = Automatic;
				DEVELOPMENT_TEAM = RP42U42DBN;
				INFOPLIST_FILE = "Ionix AppUITests/Info.plist";
				LD_RUNPATH_SEARCH_PATHS = (
					"$(inherited)",
					"@executable_path/Frameworks",
					"@loader_path/Frameworks",
				);
				PRODUCT_BUNDLE_IDENTIFIER = "com.Ionix-AppUITests";
				PRODUCT_NAME = "$(TARGET_NAME)";
				SWIFT_VERSION = 5.0;
				TARGETED_DEVICE_FAMILY = "1,2";
				TEST_TARGET_NAME = "Ionix App";
			};
			name = Release;
		};
/* End XCBuildConfiguration section */

/* Begin XCConfigurationList section */
		4568BC8326B041B30073027E /* Build configuration list for PBXProject "Ionix App" */ = {
			isa = XCConfigurationList;
			buildConfigurations = (
				4568BCB026B041B40073027E /* Debug */,
				4568BCB126B041B40073027E /* Release */,
			);
			defaultConfigurationIsVisible = 0;
			defaultConfigurationName = Release;
		};
		4568BCB226B041B40073027E /* Build configuration list for PBXNativeTarget "Ionix App" */ = {
			isa = XCConfigurationList;
			buildConfigurations = (
				4568BCB326B041B40073027E /* Debug */,
				4568BCB426B041B40073027E /* Release */,
			);
			defaultConfigurationIsVisible = 0;
			defaultConfigurationName = Release;
		};
		4568BCB526B041B40073027E /* Build configuration list for PBXNativeTarget "Ionix AppTests" */ = {
			isa = XCConfigurationList;
			buildConfigurations = (
				4568BCB626B041B40073027E /* Debug */,
				4568BCB726B041B40073027E /* Release */,
			);
			defaultConfigurationIsVisible = 0;
			defaultConfigurationName = Release;
		};
		4568BCB826B041B40073027E /* Build configuration list for PBXNativeTarget "Ionix AppUITests" */ = {
			isa = XCConfigurationList;
			buildConfigurations = (
				4568BCB926B041B40073027E /* Debug */,
				4568BCBA26B041B40073027E /* Release */,
			);
			defaultConfigurationIsVisible = 0;
			defaultConfigurationName = Release;
		};
/* End XCConfigurationList section */
	};
	rootObject = 4568BC8026B041B30073027E /* Project object */;
}
